
Microsoft Visual Studio Solution File, Format Version 12.00
# Visual Studio Version 17
VisualStudioVersion = 17.14.36623.8 d17.14
MinimumVisualStudioVersion = 10.0.40219.1
Project("{FAE04EC0-301F-11D3-BF4B-00C04F79EFBC}") = "EduPlanApp", "EduPlanApp.csproj", "{AC604713-8747-4603-A198-33409455CC68}"
EndProject
Global
	GlobalSection(SolutionConfigurationPlatforms) = preSolution
		Debug|Any CPU = Debug|Any CPU
		Release|Any CPU = Release|Any CPU
	EndGlobalSection
	GlobalSection(ProjectConfigurationPlatforms) = postSolution
		{AC604713-8747-4603-A198-33409455CC68}.Debug|Any CPU.ActiveCfg = Debug|Any CPU
		{AC604713-8747-4603-A198-33409455CC68}.Debug|Any CPU.Build.0 = Debug|Any CPU
		{AC604713-8747-4603-A198-33409455CC68}.Release|Any CPU.ActiveCfg = Release|Any CPU
		{AC604713-8747-4603-A198-33409455CC68}.Release|Any CPU.Build.0 = Release|Any CPU
	EndGlobalSection
	GlobalSection(SolutionProperties) = preSolution
		HideSolutionNode = FALSE
	EndGlobalSection
	GlobalSection(ExtensibilityGlobals) = postSolution
		SolutionGuid = {DC724699-F9C4-444B-8427-9CD5469CCF64}
	EndGlobalSection
EndGlobal
